// !$*UTF8*$!
{
	archiveVersion = 1;
	classes = {
	};
	objectVersion = 46;
	objects = {

/* Begin PBXBuildFile section */
		501405EB158E5E1000995518 /* main.c in Sources */ = {isa = PBXBuildFile; fileRef = 501405EA158E5E1000995518 /* main.c */; };
/* End PBXBuildFile section */

/* Begin PBXCopyFilesBuildPhase section */
		501405E4158E5E1000995518 /* CopyFiles */ = {
			isa = PBXCopyFilesBuildPhase;
			buildActionMask = 2147483647;
			dstPath = /usr/share/man/man1/;
			dstSubfolderSpec = 0;
			files = (
			);
			runOnlyForDeploymentPostprocessing = 1;
		};
/* End PBXCopyFilesBuildPhase section */

/* Begin PBXFileReference section */
		501405E6158E5E1000995518 /* mptcp */ = {isa = PBXFileReference; explicitFileType = "compiled.mach-o.executable"; includeInIndex = 0; path = mptcp; sourceTree = BUILT_PRODUCTS_DIR; };
		501405EA158E5E1000995518 /* main.c */ = {isa = PBXFileReference; lastKnownFileType = sourcecode.c.c; path = main.c; sourceTree = "<group>"; };
		501405EC158E5E1000995518 /* mptcp.1 */ = {isa = PBXFileReference; lastKnownFileType = text.man; path = mptcp.1; sourceTree = "<group>"; };
/* End PBXFileReference section */

/* Begin PBXFrameworksBuildPhase section */
		501405E3158E5E1000995518 /* Frameworks */ = {
			isa = PBXFrameworksBuildPhase;
			buildActionMask = 2147483647;
			files = (
			);
			runOnlyForDeploymentPostprocessing = 0;
		};
/* End PBXFrameworksBuildPhase section */

/* Begin PBXGroup section */
		501405DB158E5E1000995518 = {
			isa = PBXGroup;
			children = (
				501405E9158E5E1000995518 /* mptcp */,
				501405E7158E5E1000995518 /* Products */,
			);
			sourceTree = "<group>";
		};
		501405E7158E5E1000995518 /* Products */ = {
			isa = PBXGroup;
			children = (
				501405E6158E5E1000995518 /* mptcp */,
			);
			name = Products;
			sourceTree = "<group>";
		};
		501405E9158E5E1000995518 /* mptcp */ = {
			isa = PBXGroup;
			children = (
				501405EA158E5E1000995518 /* main.c */,
				501405EC158E5E1000995518 /* mptcp.1 */,
			);
			path = mptcp;
			sourceTree = "<group>";
		};
/* End PBXGroup section */

/* Begin PBXNativeTarget section */
		501405E5158E5E1000995518 /* mptcp */ = {
			isa = PBXNativeTarget;
			buildConfigurationList = 501405EF158E5E1000995518 /* Build configuration list for PBXNativeTarget "mptcp" */;
			buildPhases = (
				501405E2158E5E1000995518 /* Sources */,
				501405E3158E5E1000995518 /* Frameworks */,
				501405E4158E5E1000995518 /* CopyFiles */,
			);
			buildRules = (
			);
			dependencies = (
			);
			name = mptcp;
			productName = mptcp;
			productReference = 501405E6158E5E1000995518 /* mptcp */;
			productType = "com.apple.product-type.tool";
		};
/* End PBXNativeTarget section */

/* Begin PBXProject section */
		501405DD158E5E1000995518 /* Project object */ = {
			isa = PBXProject;
			attributes = {
				ORGANIZATIONNAME = "University College London";
			};
			buildConfigurationList = 501405E0158E5E1000995518 /* Build configuration list for PBXProject "mptcp" */;
			compatibilityVersion = "Xcode 3.2";
			developmentRegion = English;
			hasScannedForEncodings = 0;
			knownRegions = (
				en,
			);
			mainGroup = 501405DB158E5E1000995518;
			productRefGroup = 501405E7158E5E1000995518 /* Products */;
			projectDirPath = "";
			projectRoot = "";
			targets = (
				501405E5158E5E1000995518 /* mptcp */,
			);
		};
/* End PBXProject section */

/* Begin PBXSourcesBuildPhase section */
		501405E2158E5E1000995518 /* Sources */ = {
			isa = PBXSourcesBuildPhase;
			buildActionMask = 2147483647;
			files = (
				501405EB158E5E1000995518 /* main.c in Sources */,
			);
			runOnlyForDeploymentPostprocessing = 0;
		};
/* End PBXSourcesBuildPhase section */

/* Begin XCBuildConfiguration section */
		501405ED158E5E1000995518 /* Debug */ = {
			isa = XCBuildConfiguration;
			buildSettings = {
				ARCHS = "$(ARCHS_STANDARD_32_64_BIT)";
				GCC_C_LANGUAGE_STANDARD = gnu99;
				GCC_OPTIMIZATION_LEVEL = 0;
				GCC_PREPROCESSOR_DEFINITIONS = DEBUG;
				GCC_SYMBOLS_PRIVATE_EXTERN = NO;
				GCC_VERSION = com.apple.compilers.llvm.clang.1_0;
				GCC_WARN_64_TO_32_BIT_CONVERSION = YES;
				GCC_WARN_ABOUT_RETURN_TYPE = YES;
				GCC_WARN_UNUSED_VARIABLE = YES;
				MACOSX_DEPLOYMENT_TARGET = 10.6;
				ONLY_ACTIVE_ARCH = YES;
				SDKROOT = macosx;
			};
			name = Debug;
		};
		501405EE158E5E1000995518 /* Release */ = {
			isa = XCBuildConfiguration;
			buildSettings = {
				ARCHS = "$(ARCHS_STANDARD_32_64_BIT)";
				GCC_C_LANGUAGE_STANDARD = gnu99;
				GCC_VERSION = com.apple.compilers.llvm.clang.1_0;
				GCC_WARN_64_TO_32_BIT_CONVERSION = YES;
				GCC_WARN_ABOUT_RETURN_TYPE = YES;
				GCC_WARN_UNUSED_VARIABLE = YES;
				MACOSX_DEPLOYMENT_TARGET = 10.6;
				SDKROOT = macosx;
			};
			name = Release;
		};
		501405F0158E5E1000995518 /* Debug */ = {
			isa = XCBuildConfiguration;
			buildSettings = {
				ALWAYS_SEARCH_USER_PATHS = NO;
				COPY_PHASE_STRIP = NO;
				GCC_DYNAMIC_NO_PIC = NO;
				GCC_ENABLE_OBJC_EXCEPTIONS = YES;
				PRODUCT_NAME = "$(TARGET_NAME)";
			};
			name = Debug;
		};
		501405F1158E5E1000995518 /* Release */ = {
			isa = XCBuildConfiguration;
			buildSettings = {
				ALWAYS_SEARCH_USER_PATHS = NO;
				COPY_PHASE_STRIP = YES;
				DEBUG_INFORMATION_FORMAT = "dwarf-with-dsym";
				GCC_ENABLE_OBJC_EXCEPTIONS = YES;
				PRODUCT_NAME = "$(TARGET_NAME)";
			};
			name = Release;
		};
/* End XCBuildConfiguration section */

/* Begin XCConfigurationList section */
		501405E0158E5E1000995518 /* Build configuration list for PBXProject "mptcp" */ = {
			isa = XCConfigurationList;
			buildConfigurations = (
				501405ED158E5E1000995518 /* Debug */,
				501405EE158E5E1000995518 /* Release */,
			);
			defaultConfigurationIsVisible = 0;
			defaultConfigurationName = Release;
		};
		501405EF158E5E1000995518 /* Build configuration list for PBXNativeTarget "mptcp" */ = {
			isa = XCConfigurationList;
			buildConfigurations = (
				501405F0158E5E1000995518 /* Debug */,
				501405F1158E5E1000995518 /* Release */,
			);
			defaultConfigurationIsVisible = 0;
		};
/* End XCConfigurationList section */
	};
	rootObject = 501405DD158E5E1000995518 /* Project object */;
}
